<?xml version="1.0" encoding="utf-8"?>
<Project ToolsVersion="4.0" xmlns="http://schemas.microsoft.com/developer/msbuild/2003">
  <ItemGroup>
    <Filter Include="Source Files">
      <UniqueIdentifier>{4FC737F1-C7A5-4376-A066-2A32D752A2FF}</UniqueIdentifier>
      <Extensions>cpp;c;cc;cxx;def;odl;idl;hpj;bat;asm;asmx</Extensions>
    </Filter>
    <Filter Include="Header Files">
      <UniqueIdentifier>{93995380-89BD-4b04-88EB-625FBE52EBFB}</UniqueIdentifier>
      <Extensions>h;hpp;hxx;hm;inl;inc;xsd</Extensions>
    </Filter>
    <Filter Include="Resource Files">
      <UniqueIdentifier>{67DA6AB6-F800-4c08-8B7A-83BB121AAD01}</UniqueIdentifier>
      <Extensions>rc;ico;cur;bmp;dlg;rc2;rct;bin;rgs;gif;jpg;jpeg;jpe;resx;tiff;tif;png;wav;mfcribbon-ms</Extensions>
    </Filter>
  </ItemGroup>
  <ItemGroup>
    <ClCompile Include="cls_main.cpp">
      <Filter>Source Files</Filter>
    </ClCompile>
    <ClCompile Include="Dg_In_ho_so.cpp">
      <Filter>Source Files</Filter>
    </ClCompile>
    <ClCompile Include="Dlg_Chen_dong.cpp">
      <Filter>Source Files</Filter>
    </ClCompile>
    <ClCompile Include="Dlg_Setup_Print.cpp">
      <Filter>Source Files</Filter>
    </ClCompile>
    <ClCompile Include="Dlg_trauu_tieuchuan.cpp">
      <Filter>Source Files</Filter>
    </ClCompile>
    <ClCompile Include="funct.cpp">
      <Filter>Source Files</Filter>
    </ClCompile>
    <ClCompile Include="Source.cpp">
      <Filter>Source Files</Filter>
    </ClCompile>
    <ClCompile Include="stdafx.cpp">
      <Filter>Source Files</Filter>
    </ClCompile>
    <ClCompile Include="Dlg_importpic.cpp">
      <Filter>Source Files</Filter>
    </ClCompile>
    <ClCompile Include="FileFinder.cpp">
      <Filter>Source Files</Filter>
    </ClCompile>
    <ClCompile Include="Path.cpp">
      <Filter>Source Files</Filter>
    </ClCompile>
    <ClCompile Include="PictureCtrl.cpp">
      <Filter>Source Files</Filter>
    </ClCompile>
    <ClCompile Include="Dlg_print_nhatky.cpp">
      <Filter>Source Files</Filter>
    </ClCompile>
    <ClCompile Include="Dlg_Luu_DMCV.cpp">
      <Filter>Source Files</Filter>
    </ClCompile>
    <ClCompile Include="Dlg_Open_DMCV.cpp">
      <Filter>Source Files</Filter>
    </ClCompile>
    <ClCompile Include="ListCtrlEx.cpp">
      <Filter>Source Files</Filter>
    </ClCompile>
    <ClCompile Include="MsgHook.cpp">
      <Filter>Source Files</Filter>
    </ClCompile>
    <ClCompile Include="Dlg_all_tieuchuan.cpp">
      <Filter>Source Files</Filter>
    </ClCompile>
    <ClCompile Include="Dlg_Open_DSVL.cpp">
      <Filter>Source Files</Filter>
    </ClCompile>
    <ClCompile Include="Dlg_all_mauvl.cpp">
      <Filter>Source Files</Filter>
    </ClCompile>
    <ClCompile Include="Dlg_Cpys.cpp">
      <Filter>Source Files</Filter>
    </ClCompile>
    <ClCompile Include="Dlg_manager_wb.cpp">
      <Filter>Source Files</Filter>
    </ClCompile>
    <ClCompile Include="Dlg_Printer.cpp">
      <Filter>Source Files</Filter>
    </ClCompile>
    <ClCompile Include="Dlg_luu_Hso.cpp">
      <Filter>Source Files</Filter>
    </ClCompile>
    <ClCompile Include="FolderDlg.cpp">
      <Filter>Source Files</Filter>
    </ClCompile>
    <ClCompile Include="Dlg_ThuvienTL.cpp">
      <Filter>Source Files</Filter>
    </ClCompile>
    <ClCompile Include="Dlg_sort_dmhs.cpp">
      <Filter>Source Files</Filter>
    </ClCompile>
    <ClCompile Include="Dlg_Qly_image_nky.cpp">
      <Filter>Source Files</Filter>
    </ClCompile>
    <ClCompile Include="MultiFileOpenDialog.cpp">
      <Filter>Source Files</Filter>
    </ClCompile>
    <ClCompile Include="Dlg_Qclmau.cpp">
      <Filter>Source Files</Filter>
    </ClCompile>
    <ClCompile Include="ColorStatic.cpp">
      <Filter>Source Files</Filter>
    </ClCompile>
    <ClCompile Include="ColorEdit.cpp">
      <Filter>Source Files</Filter>
    </ClCompile>
    <ClCompile Include="Dlg_dsach_ctieu.cpp">
      <Filter>Source Files</Filter>
    </ClCompile>
    <ClCompile Include="SeachCG.cpp">
      <Filter>Source Files</Filter>
    </ClCompile>
    <ClCompile Include="Dlg_TH_Cptuvan.cpp">
      <Filter>Source Files</Filter>
    </ClCompile>
    <ClCompile Include="Dlg_Timer.cpp">
      <Filter>Source Files</Filter>
    </ClCompile>
    <ClCompile Include="Dlg_TimeDM.cpp">
      <Filter>Source Files</Filter>
    </ClCompile>
    <ClCompile Include="NumSpinCtrl.cpp">
      <Filter>Source Files</Filter>
    </ClCompile>
    <ClCompile Include="Dlg_Sapxepcviec.cpp">
      <Filter>Source Files</Filter>
    </ClCompile>
    <ClCompile Include="Dlg_XuatbangKlg.cpp">
      <Filter>Source Files</Filter>
    </ClCompile>
    <ClCompile Include="Dlg_Quanly_NDNK.cpp">
      <Filter>Source Files</Filter>
    </ClCompile>
    <ClCompile Include="Dlg_move_dulieu.cpp">
      <Filter>Source Files</Filter>
    </ClCompile>
    <ClCompile Include="Dlg_Chonngay_paste.cpp">
      <Filter>Source Files</Filter>
    </ClCompile>
    <ClCompile Include="Dlg_ktra_ngaynghi.cpp">
      <Filter>Source Files</Filter>
    </ClCompile>
    <ClCompile Include="LaymauNgang.cpp">
      <Filter>Source Files</Filter>
    </ClCompile>
    <ClCompile Include="Dlg_ChangeLM3.cpp">
      <Filter>Source Files</Filter>
    </ClCompile>
    <ClCompile Include="Dlg_AutoSTT_HSNT.cpp">
      <Filter>Source Files</Filter>
    </ClCompile>
    <ClCompile Include="ComboBoxExt.cpp">
      <Filter>Source Files</Filter>
    </ClCompile>
    <ClCompile Include="ComboBoxExtList.cpp">
      <Filter>Source Files</Filter>
    </ClCompile>
    <ClCompile Include="Dlg_sapxepIn.cpp">
      <Filter>Source Files</Filter>
    </ClCompile>
    <ClCompile Include="Dlg_QCLMBetong.cpp">
      <Filter>Source Files</Filter>
    </ClCompile>
    <ClCompile Include="Dlg_Themtieuchuan.cpp">
      <Filter>Source Files</Filter>
    </ClCompile>
    <ClCompile Include="TextProgressCtrl.cpp">
      <Filter>Source Files</Filter>
    </ClCompile>
    <ClCompile Include="Dlg_NameSheet.cpp">
      <Filter>Source Files</Filter>
    </ClCompile>
    <ClCompile Include="Dlg_noidungppktra.cpp">
      <Filter>Source Files</Filter>
    </ClCompile>
    <ClCompile Include="Dlg_listNKyMDB.cpp">
      <Filter>Source Files</Filter>
    </ClCompile>
    <ClCompile Include="Dlg_Thaydoimau.cpp">
      <Filter>Source Files</Filter>
    </ClCompile>
    <ClCompile Include="Dlg_ktrDownload.cpp">
      <Filter>Source Files</Filter>
    </ClCompile>
    <ClCompile Include="base64.cpp">
      <Filter>Source Files</Filter>
    </ClCompile>
    <ClCompile Include="Dlg_NhomkyBB.cpp">
      <Filter>Source Files</Filter>
    </ClCompile>
    <ClCompile Include="Dlg_ChonCSDLVLCV.cpp">
      <Filter>Source Files</Filter>
    </ClCompile>
    <ClCompile Include="frm_QuycachOld.cpp">
      <Filter>Source Files</Filter>
    </ClCompile>
    <ClCompile Include="ScrollEdit.cpp">
      <Filter>Source Files</Filter>
    </ClCompile>
    <ClCompile Include="Dlg_open_progress.cpp">
      <Filter>Source Files</Filter>
    </ClCompile>
    <ClCompile Include="Dlg_NhomBangmau.cpp">
      <Filter>Source Files</Filter>
    </ClCompile>
    <ClCompile Include="Dlg_Viewbangmau.cpp">
      <Filter>Source Files</Filter>
    </ClCompile>
    <ClCompile Include="HookMouse.cpp">
      <Filter>Source Files</Filter>
    </ClCompile>
    <ClCompile Include="Dlg_Nky_Thoitiet.cpp">
      <Filter>Source Files</Filter>
    </ClCompile>
    <ClCompile Include="Dlg_Nky_Noidung.cpp">
      <Filter>Source Files</Filter>
    </ClCompile>
    <ClCompile Include="Dlg_Nky_Hinhanh.cpp">
      <Filter>Source Files</Filter>
    </ClCompile>
    <ClCompile Include="Dlg_Nky_BangNLTB.cpp">
      <Filter>Source Files</Filter>
    </ClCompile>
    <ClCompile Include="Dlg_Create_Tieude.cpp">
      <Filter>Source Files</Filter>
    </ClCompile>
  </ItemGroup>
  <ItemGroup>
    <ClInclude Include="cls_main.h">
      <Filter>Header Files</Filter>
    </ClInclude>
    <ClInclude Include="Dg_In_ho_so.h">
      <Filter>Header Files</Filter>
    </ClInclude>
    <ClInclude Include="Dlg_Chen_dong.h">
      <Filter>Header Files</Filter>
    </ClInclude>
    <ClInclude Include="Dlg_Setup_Print.h">
      <Filter>Header Files</Filter>
    </ClInclude>
    <ClInclude Include="Dlg_trauu_tieuchuan.h">
      <Filter>Header Files</Filter>
    </ClInclude>
    <ClInclude Include="EasySize.h">
      <Filter>Header Files</Filter>
    </ClInclude>
    <ClInclude Include="funct.h">
      <Filter>Header Files</Filter>
    </ClInclude>
    <ClInclude Include="msolib.h">
      <Filter>Header Files</Filter>
    </ClInclude>
    <ClInclude Include="resource.h">
      <Filter>Header Files</Filter>
    </ClInclude>
    <ClInclude Include="stdafx.h">
      <Filter>Header Files</Filter>
    </ClInclude>
    <ClInclude Include="Dlg_importpic.h">
      <Filter>Header Files</Filter>
    </ClInclude>
    <ClInclude Include="FileFinder.h">
      <Filter>Header Files</Filter>
    </ClInclude>
    <ClInclude Include="Path.h">
      <Filter>Header Files</Filter>
    </ClInclude>
    <ClInclude Include="PictureCtrl.h">
      <Filter>Header Files</Filter>
    </ClInclude>
    <ClInclude Include="Dlg_print_nhatky.h">
      <Filter>Header Files</Filter>
    </ClInclude>
    <ClInclude Include="FileFilter.h">
      <Filter>Header Files</Filter>
    </ClInclude>
    <ClInclude Include="Dlg_Luu_DMCV.h">
      <Filter>Header Files</Filter>
    </ClInclude>
    <ClInclude Include="Connection.h">
      <Filter>Header Files</Filter>
    </ClInclude>
    <ClInclude Include="Dlg_Open_DMCV.h">
      <Filter>Header Files</Filter>
    </ClInclude>
    <ClInclude Include="ListCtrlEx.h">
      <Filter>Header Files</Filter>
    </ClInclude>
    <ClInclude Include="MsgHook.h">
      <Filter>Header Files</Filter>
    </ClInclude>
    <ClInclude Include="Dlg_all_tieuchuan.h">
      <Filter>Header Files</Filter>
    </ClInclude>
    <ClInclude Include="Dlg_Open_DSVL.h">
      <Filter>Header Files</Filter>
    </ClInclude>
    <ClInclude Include="Dlg_all_mauvl.h">
      <Filter>Header Files</Filter>
    </ClInclude>
    <ClInclude Include="Dlg_Cpys.h">
      <Filter>Header Files</Filter>
    </ClInclude>
    <ClInclude Include="Dlg_manager_wb.h">
      <Filter>Header Files</Filter>
    </ClInclude>
    <ClInclude Include="Color.h">
      <Filter>Header Files</Filter>
    </ClInclude>
    <ClInclude Include="1_Info.h">
      <Filter>Header Files</Filter>
    </ClInclude>
    <ClInclude Include="Dlg_Printer.h">
      <Filter>Header Files</Filter>
    </ClInclude>
    <ClInclude Include="Dlg_luu_Hso.h">
      <Filter>Header Files</Filter>
    </ClInclude>
    <ClInclude Include="FolderDlg.h">
      <Filter>Header Files</Filter>
    </ClInclude>
    <ClInclude Include="StrUtil.h">
      <Filter>Header Files</Filter>
    </ClInclude>
    <ClInclude Include="Dlg_ThuvienTL.h">
      <Filter>Header Files</Filter>
    </ClInclude>
    <ClInclude Include="Dlg_sort_dmhs.h">
      <Filter>Header Files</Filter>
    </ClInclude>
    <ClInclude Include="Dlg_Qly_image_nky.h">
      <Filter>Header Files</Filter>
    </ClInclude>
    <ClInclude Include="MultiFileOpenDialog.h">
      <Filter>Header Files</Filter>
    </ClInclude>
    <ClInclude Include="Dlg_Qclmau.h">
      <Filter>Header Files</Filter>
    </ClInclude>
    <ClInclude Include="ColorEdit.h">
      <Filter>Header Files</Filter>
    </ClInclude>
    <ClInclude Include="ColorStatic.h">
      <Filter>Header Files</Filter>
    </ClInclude>
    <ClInclude Include="Dlg_dsach_ctieu.h">
      <Filter>Header Files</Filter>
    </ClInclude>
    <ClInclude Include="SeachCG.h">
      <Filter>Header Files</Filter>
    </ClInclude>
    <ClInclude Include="Dlg_TH_Cptuvan.h">
      <Filter>Header Files</Filter>
    </ClInclude>
    <ClInclude Include="Dlg_Timer.h">
      <Filter>Header Files</Filter>
    </ClInclude>
    <ClInclude Include="Dlg_TimeDM.h">
      <Filter>Header Files</Filter>
    </ClInclude>
    <ClInclude Include="NumSpinCtrl.h">
      <Filter>Header Files</Filter>
    </ClInclude>
    <ClInclude Include="Dlg_Sapxepcviec.h">
      <Filter>Header Files</Filter>
    </ClInclude>
    <ClInclude Include="Dlg_XuatbangKlg.h">
      <Filter>Header Files</Filter>
    </ClInclude>
    <ClInclude Include="Dlg_Quanly_NDNK.h">
      <Filter>Header Files</Filter>
    </ClInclude>
    <ClInclude Include="Dlg_move_dulieu.h">
      <Filter>Header Files</Filter>
    </ClInclude>
    <ClInclude Include="Dlg_Chonngay_paste.h">
      <Filter>Header Files</Filter>
    </ClInclude>
    <ClInclude Include="Dlg_ktra_ngaynghi.h">
      <Filter>Header Files</Filter>
    </ClInclude>
    <ClInclude Include="LaymauNgang.h">
      <Filter>Header Files</Filter>
    </ClInclude>
    <ClInclude Include="Dlg_ChangeLM3.h">
      <Filter>Header Files</Filter>
    </ClInclude>
    <ClInclude Include="Dlg_AutoSTT_HSNT.h">
      <Filter>Header Files</Filter>
    </ClInclude>
    <ClInclude Include="ComboBoxExt.h">
      <Filter>Header Files</Filter>
    </ClInclude>
    <ClInclude Include="ComboBoxExtList.h">
      <Filter>Header Files</Filter>
    </ClInclude>
    <ClInclude Include="Dlg_sapxepIn.h">
      <Filter>Header Files</Filter>
    </ClInclude>
    <ClInclude Include="Dlg_QCLMBetong.h">
      <Filter>Header Files</Filter>
    </ClInclude>
    <ClInclude Include="Dlg_Themtieuchuan.h">
      <Filter>Header Files</Filter>
    </ClInclude>
    <ClInclude Include="TextProgressCtrl.h">
      <Filter>Header Files</Filter>
    </ClInclude>
    <ClInclude Include="CMemDCEx.h">
      <Filter>Header Files</Filter>
    </ClInclude>
    <ClInclude Include="Dlg_NameSheet.h">
      <Filter>Header Files</Filter>
    </ClInclude>
    <ClInclude Include="Dlg_noidungppktra.h">
      <Filter>Header Files</Filter>
    </ClInclude>
    <ClInclude Include="Dlg_listNKyMDB.h">
      <Filter>Header Files</Filter>
    </ClInclude>
    <ClInclude Include="Dlg_Thaydoimau.h">
      <Filter>Header Files</Filter>
    </ClInclude>
    <ClInclude Include="Dlg_ktrDownload.h">
      <Filter>Header Files</Filter>
    </ClInclude>
    <ClInclude Include="base64.h">
      <Filter>Header Files</Filter>
    </ClInclude>
    <ClInclude Include="Dlg_NhomkyBB.h">
      <Filter>Header Files</Filter>
    </ClInclude>
    <ClInclude Include="Dlg_ChonCSDLVLCV.h">
      <Filter>Header Files</Filter>
    </ClInclude>
    <ClInclude Include="frm_QuycachOld.h">
      <Filter>Header Files</Filter>
    </ClInclude>
    <ClInclude Include="ScrollEdit.h">
      <Filter>Header Files</Filter>
    </ClInclude>
    <ClInclude Include="Dlg_open_progress.h">
      <Filter>Header Files</Filter>
    </ClInclude>
    <ClInclude Include="Dlg_NhomBangmau.h">
      <Filter>Header Files</Filter>
    </ClInclude>
    <ClInclude Include="Dlg_Viewbangmau.h">
      <Filter>Header Files</Filter>
    </ClInclude>
    <ClInclude Include="HookMouse.h">
      <Filter>Header Files</Filter>
    </ClInclude>
    <ClInclude Include="Dlg_Nky_Thoitiet.h">
      <Filter>Header Files</Filter>
    </ClInclude>
    <ClInclude Include="Dlg_Nky_Noidung.h">
      <Filter>Header Files</Filter>
    </ClInclude>
    <ClInclude Include="Dlg_Nky_Hinhanh.h">
      <Filter>Header Files</Filter>
    </ClInclude>
    <ClInclude Include="Dlg_Nky_BangNLTB.h">
      <Filter>Header Files</Filter>
    </ClInclude>
    <ClInclude Include="Dlg_Create_Tieude.h">
      <Filter>Header Files</Filter>
    </ClInclude>
  </ItemGroup>
  <ItemGroup>
    <ResourceCompile Include="QLCL2015.rc">
      <Filter>Resource Files</Filter>
    </ResourceCompile>
  </ItemGroup>
  <ItemGroup>
    <Image Include="iconqlcl.ico">
      <Filter>Resource Files</Filter>
    </Image>
    <Image Include="printsetup1.bmp">
      <Filter>Resource Files</Filter>
    </Image>
  </ItemGroup>
  <ItemGroup>
    <None Include="flieDEF.def">
      <Filter>Source Files</Filter>
    </None>
  </ItemGroup>
</Project>